
Microsoft Visual Studio Solution File, Format Version 12.00
# Visual Studio 15
VisualStudioVersion = 15.0.28307.757
MinimumVisualStudioVersion = 10.0.40219.1
Project("{E24C65DC-7377-472B-9ABA-BC803B73C61A}") = "http://localhost:9003", "http://localhost:9003", "{8317A04F-9DD2-447D-B8A2-FC426C4DE0D8}"
	ProjectSection(WebsiteProperties) = preProject
		UseIISExpress = "false"
		TargetFrameworkMoniker = ".NETFramework,Version%3Dv2.0"
		ProjectReferences = ""
		Debug.AspNetCompiler.VirtualPath = "/localhost_9003"
		Debug.AspNetCompiler.PhysicalPath = "..\EIP\"
		Debug.AspNetCompiler.TargetPath = "PrecompiledWeb\localhost_9003\"
		Debug.AspNetCompiler.Updateable = "true"
		Debug.AspNetCompiler.ForceOverwrite = "true"
		Debug.AspNetCompiler.KeyFile = "C:\Windows\System32\MINAIK2019.snk"
		Debug.AspNetCompiler.DelaySign = "true"
		Debug.AspNetCompiler.AllowPartiallyTrustedCallers = "false"
		Debug.AspNetCompiler.FixedNames = "false"
		Debug.AspNetCompiler.Debug = "True"
		Release.AspNetCompiler.VirtualPath = "/localhost_9003"
		Release.AspNetCompiler.PhysicalPath = "..\EIP\"
		Release.AspNetCompiler.TargetPath = "PrecompiledWeb\localhost_9003\"
		Release.AspNetCompiler.Updateable = "true"
		Release.AspNetCompiler.ForceOverwrite = "true"
		Release.AspNetCompiler.KeyFile = "C:\Windows\System32\MINAIK2019.snk"
		Release.AspNetCompiler.DelaySign = "true"
		Release.AspNetCompiler.AllowPartiallyTrustedCallers = "false"
		Release.AspNetCompiler.FixedNames = "false"
		Release.AspNetCompiler.Debug = "False"
		SlnRelativePath = "..\EIP\"
	EndProjectSection
EndProject
Global
	GlobalSection(SolutionConfigurationPlatforms) = preSolution
		Debug|Any CPU = Debug|Any CPU
		Release|Any CPU = Release|Any CPU
	EndGlobalSection
	GlobalSection(ProjectConfigurationPlatforms) = postSolution
		{8317A04F-9DD2-447D-B8A2-FC426C4DE0D8}.Debug|Any CPU.ActiveCfg = Debug|Any CPU
		{8317A04F-9DD2-447D-B8A2-FC426C4DE0D8}.Debug|Any CPU.Build.0 = Debug|Any CPU
		{8317A04F-9DD2-447D-B8A2-FC426C4DE0D8}.Release|Any CPU.ActiveCfg = Debug|Any CPU
		{8317A04F-9DD2-447D-B8A2-FC426C4DE0D8}.Release|Any CPU.Build.0 = Debug|Any CPU
	EndGlobalSection
	GlobalSection(SolutionProperties) = preSolution
		HideSolutionNode = FALSE
	EndGlobalSection
	GlobalSection(ExtensibilityGlobals) = postSolution
		RESX_PrefixTranslations = True
		RESX_ResXSortingComparison = CurrentCulture
		RESX_ConfirmAddLanguageFile = True
		RESX_AutoCreateNewLanguageFiles = True
		SolutionGuid = {B01C1994-A030-4651-BC7B-EF24E62575FB}
		RESX_SortFileContentOnSave = False
		RESX_DuplicateKeyHandling = Fail
		RESX_ShowErrorsInErrorList = True
		RESX_RemoveEmptyEntries = False
		RESX_TaskErrorCategory = Message
	EndGlobalSection
EndGlobal
